PODS:
  - Actionable (0.1.0):
    - Sourcery
  - Sourcery (0.15.0)

DEPENDENCIES:
  - Actionable (from `../`)

SPEC REPOS:
  https://github.com/cocoapods/specs.git:
    - Sourcery

EXTERNAL SOURCES:
  Actionable:
    :path: "../"

SPEC CHECKSUMS:
  Actionable: 2f85f24447c57788c5c199c4dff73b3edad29510
  Sourcery: 5895672cae353cdbfa95f3f4aaeb75a664d76f6a

PODFILE CHECKSUM: 030b370476c56b9cd9f76f722b8a00bfbb0ead4a

COCOAPODS: 1.5.3
