PODS:
  - Actionable (0.1.0):
    - Sourcery
  - Nimble (7.0.3)
  - Quick (1.2.0)
  - Sourcery (0.15.0)

DEPENDENCIES:
  - Actionable (from `../`)
  - Nimble (~> 7.0.2)
  - Quick (~> 1.2.0)

SPEC REPOS:
  https://github.com/cocoapods/specs.git:
    - Nimble
    - Quick
    - Sourcery

EXTERNAL SOURCES:
  Actionable:
    :path: "../"

SPEC CHECKSUMS:
  Actionable: 2f85f24447c57788c5c199c4dff73b3edad29510
  Nimble: 7f5a9c447a33002645a071bddafbfb24ea70e0ac
  Quick: 58d203b1c5e27fff7229c4c1ae445ad7069a7a08
  Sourcery: 5895672cae353cdbfa95f3f4aaeb75a664d76f6a

PODFILE CHECKSUM: 6a16268d85d0acd8e2d8a58c7bbddcc66a43385c

COCOAPODS: 1.5.3
